
Microsoft Visual Studio Solution File, Format Version 12.00
# Visual Studio 15
VisualStudioVersion = 15.0.28307.1145
MinimumVisualStudioVersion = 10.0.40219.1
Project("{FAE04EC0-301F-11D3-BF4B-00C04F79EFBC}") = "pryLoginSitemaster", "pryLoginSitemaster\pryLoginSitemaster.csproj", "{0CEFF27B-A6B3-45C5-9FBA-9D99CCA05E64}"
EndProject
Project("{FAE04EC0-301F-11D3-BF4B-00C04F79EFBC}") = "AccesoDatos", "AccesoDatos\AccesoDatos.csproj", "{48D7CB4A-036D-4702-A164-1DD496651A7E}"
EndProject
Project("{FAE04EC0-301F-11D3-BF4B-00C04F79EFBC}") = "LogicaNegocio", "LogicaNegocio\LogicaNegocio.csproj", "{51992958-8F19-480A-9380-13FF59043CD5}"
EndProject
Global
	GlobalSection(SolutionConfigurationPlatforms) = preSolution
		Debug|Any CPU = Debug|Any CPU
		Release|Any CPU = Release|Any CPU
	EndGlobalSection
	GlobalSection(ProjectConfigurationPlatforms) = postSolution
		{0CEFF27B-A6B3-45C5-9FBA-9D99CCA05E64}.Debug|Any CPU.ActiveCfg = Debug|Any CPU
		{0CEFF27B-A6B3-45C5-9FBA-9D99CCA05E64}.Debug|Any CPU.Build.0 = Debug|Any CPU
		{0CEFF27B-A6B3-45C5-9FBA-9D99CCA05E64}.Release|Any CPU.ActiveCfg = Release|Any CPU
		{0CEFF27B-A6B3-45C5-9FBA-9D99CCA05E64}.Release|Any CPU.Build.0 = Release|Any CPU
		{48D7CB4A-036D-4702-A164-1DD496651A7E}.Debug|Any CPU.ActiveCfg = Debug|Any CPU
		{48D7CB4A-036D-4702-A164-1DD496651A7E}.Debug|Any CPU.Build.0 = Debug|Any CPU
		{48D7CB4A-036D-4702-A164-1DD496651A7E}.Release|Any CPU.ActiveCfg = Release|Any CPU
		{48D7CB4A-036D-4702-A164-1DD496651A7E}.Release|Any CPU.Build.0 = Release|Any CPU
		{51992958-8F19-480A-9380-13FF59043CD5}.Debug|Any CPU.ActiveCfg = Debug|Any CPU
		{51992958-8F19-480A-9380-13FF59043CD5}.Debug|Any CPU.Build.0 = Debug|Any CPU
		{51992958-8F19-480A-9380-13FF59043CD5}.Release|Any CPU.ActiveCfg = Release|Any CPU
		{51992958-8F19-480A-9380-13FF59043CD5}.Release|Any CPU.Build.0 = Release|Any CPU
	EndGlobalSection
	GlobalSection(SolutionProperties) = preSolution
		HideSolutionNode = FALSE
	EndGlobalSection
	GlobalSection(ExtensibilityGlobals) = postSolution
		SolutionGuid = {155948FB-7456-4D7C-B3AA-59CBEACE497C}
	EndGlobalSection
EndGlobal
